github.com/MarQG/go-modules/greetings v0.0.0-20210510192901-c82df3e23cf1 h1:ifTz/T9xisCsaj0+kzefHpSq3ze10X4evsWtGJ2bXws=
github.com/MarQG/go-modules/greetings v0.0.0-20210510192901-c82df3e23cf1/go.mod h1:+oBdVRJ25Ua83x+6vX18DMBajFJAGBjfeQnszYU2bv8=
github.com/MarQG/go-modules/greetings v0.0.0-20210510195142-5d9cb055df29 h1:nxuWDaou4LZCfFodKuy9iiku5h2xVqKVBkS0zs8pK4M=
github.com/MarQG/go-modules/greetings v0.0.0-20210510195142-5d9cb055df29/go.mod h1:+oBdVRJ25Ua83x+6vX18DMBajFJAGBjfeQnszYU2bv8=
github.com/MarQG/go-modules/greetings v0.0.0-20210510195924-14aefab8e0ec h1:3FVHlIYJOE0G6YRuKRfaEEUcXoXWNQiVV+1HO1JNwP8=
github.com/MarQG/go-modules/greetings v0.0.0-20210510195924-14aefab8e0ec/go.mod h1:+oBdVRJ25Ua83x+6vX18DMBajFJAGBjfeQnszYU2bv8=
