github.com/MarQG/go-modules/greetings v0.0.0-20210510192216-a51e08514f60 h1:hVoJ33aKzbG8ZCiINZqDa72mtmgciSeF4IljdOYCjpw=
github.com/MarQG/go-modules/greetings v0.0.0-20210510192216-a51e08514f60/go.mod h1:+oBdVRJ25Ua83x+6vX18DMBajFJAGBjfeQnszYU2bv8=
github.com/MarQG/go-modules/greetings v0.0.0-20210510192901-c82df3e23cf1 h1:ifTz/T9xisCsaj0+kzefHpSq3ze10X4evsWtGJ2bXws=
github.com/MarQG/go-modules/greetings v0.0.0-20210510192901-c82df3e23cf1/go.mod h1:+oBdVRJ25Ua83x+6vX18DMBajFJAGBjfeQnszYU2bv8=
